
Microsoft Visual Studio Solution File, Format Version 12.00
# Visual Studio Version 17
VisualStudioVersion = 17.10.34928.147
MinimumVisualStudioVersion = 10.0.40219.1
Project("{FAE04EC0-301F-11D3-BF4B-00C04F79EFBC}") = "system8", "system8\system8.csproj", "{A18833F9-A73B-4A71-8AA0-F680134D7D0E}"
EndProject
Global
	GlobalSection(SolutionConfigurationPlatforms) = preSolution
		Debug|Any CPU = Debug|Any CPU
		Release|Any CPU = Release|Any CPU
	EndGlobalSection
	GlobalSection(ProjectConfigurationPlatforms) = postSolution
		{A18833F9-A73B-4A71-8AA0-F680134D7D0E}.Debug|Any CPU.ActiveCfg = Debug|Any CPU
		{A18833F9-A73B-4A71-8AA0-F680134D7D0E}.Debug|Any CPU.Build.0 = Debug|Any CPU
		{A18833F9-A73B-4A71-8AA0-F680134D7D0E}.Release|Any CPU.ActiveCfg = Release|Any CPU
		{A18833F9-A73B-4A71-8AA0-F680134D7D0E}.Release|Any CPU.Build.0 = Release|Any CPU
	EndGlobalSection
	GlobalSection(SolutionProperties) = preSolution
		HideSolutionNode = FALSE
	EndGlobalSection
	GlobalSection(ExtensibilityGlobals) = postSolution
		SolutionGuid = {B177DD0D-E3CD-4A91-8658-96117B139338}
	EndGlobalSection
EndGlobal
